
Microsoft Visual Studio Solution File, Format Version 12.00
# Visual Studio Version 16
VisualStudioVersion = 16.0.30804.86
MinimumVisualStudioVersion = 10.0.40219.1
Project("{FAE04EC0-301F-11D3-BF4B-00C04F79EFBC}") = "Test5L", "Test5L\Test5L.csproj", "{2E18085E-D421-4A9E-BF9F-AB24A8811B45}"
EndProject
Global
	GlobalSection(SolutionConfigurationPlatforms) = preSolution
		Debug|Any CPU = Debug|Any CPU
		Release|Any CPU = Release|Any CPU
	EndGlobalSection
	GlobalSection(ProjectConfigurationPlatforms) = postSolution
		{2E18085E-D421-4A9E-BF9F-AB24A8811B45}.Debug|Any CPU.ActiveCfg = Debug|Any CPU
		{2E18085E-D421-4A9E-BF9F-AB24A8811B45}.Debug|Any CPU.Build.0 = Debug|Any CPU
		{2E18085E-D421-4A9E-BF9F-AB24A8811B45}.Release|Any CPU.ActiveCfg = Release|Any CPU
		{2E18085E-D421-4A9E-BF9F-AB24A8811B45}.Release|Any CPU.Build.0 = Release|Any CPU
	EndGlobalSection
	GlobalSection(SolutionProperties) = preSolution
		HideSolutionNode = FALSE
	EndGlobalSection
	GlobalSection(ExtensibilityGlobals) = postSolution
		SolutionGuid = {ADFA4425-2EB9-4FE4-BDB7-0B10A8742473}
	EndGlobalSection
EndGlobal
